
Microsoft Visual Studio Solution File, Format Version 12.00
Project("{FAE04EC0-301F-11D3-BF4B-00C04F79EFBC}") = "BaiduSpider", "BaiduSpider\BaiduSpider.csproj", "{7EB9871F-A931-4B23-B8E3-7744288544B8}"
EndProject
Project("{FAE04EC0-301F-11D3-BF4B-00C04F79EFBC}") = "Spider.Common", "Spider.Common\Spider.Common.csproj", "{058E6CE6-6596-415A-B6D0-3B6ACD46AD61}"
EndProject
Project("{FAE04EC0-301F-11D3-BF4B-00C04F79EFBC}") = "ThePaperSpider", "ThePaperSpider\ThePaperSpider.csproj", "{B8694536-BFAC-496C-977D-49F370EBB62F}"
EndProject
Global
	GlobalSection(SolutionConfigurationPlatforms) = preSolution
		Debug|Any CPU = Debug|Any CPU
		Release|Any CPU = Release|Any CPU
	EndGlobalSection
	GlobalSection(ProjectConfigurationPlatforms) = postSolution
		{7EB9871F-A931-4B23-B8E3-7744288544B8}.Debug|Any CPU.ActiveCfg = Debug|Any CPU
		{7EB9871F-A931-4B23-B8E3-7744288544B8}.Debug|Any CPU.Build.0 = Debug|Any CPU
		{7EB9871F-A931-4B23-B8E3-7744288544B8}.Release|Any CPU.ActiveCfg = Release|Any CPU
		{7EB9871F-A931-4B23-B8E3-7744288544B8}.Release|Any CPU.Build.0 = Release|Any CPU
		{058E6CE6-6596-415A-B6D0-3B6ACD46AD61}.Debug|Any CPU.ActiveCfg = Debug|Any CPU
		{058E6CE6-6596-415A-B6D0-3B6ACD46AD61}.Debug|Any CPU.Build.0 = Debug|Any CPU
		{058E6CE6-6596-415A-B6D0-3B6ACD46AD61}.Release|Any CPU.ActiveCfg = Release|Any CPU
		{058E6CE6-6596-415A-B6D0-3B6ACD46AD61}.Release|Any CPU.Build.0 = Release|Any CPU
		{B8694536-BFAC-496C-977D-49F370EBB62F}.Debug|Any CPU.ActiveCfg = Debug|Any CPU
		{B8694536-BFAC-496C-977D-49F370EBB62F}.Debug|Any CPU.Build.0 = Debug|Any CPU
		{B8694536-BFAC-496C-977D-49F370EBB62F}.Release|Any CPU.ActiveCfg = Release|Any CPU
		{B8694536-BFAC-496C-977D-49F370EBB62F}.Release|Any CPU.Build.0 = Release|Any CPU
	EndGlobalSection
EndGlobal
